
Microsoft Visual Studio Solution File, Format Version 12.00
# Visual Studio 15
VisualStudioVersion = 15.0.26730.16
MinimumVisualStudioVersion = 10.0.40219.1
Project("{FAE04EC0-301F-11D3-BF4B-00C04F79EFBC}") = "180221_actividad", "180221_actividad\180221_actividad.csproj", "{F18A77AB-4F25-468E-A659-875291643A74}"
EndProject
Global
	GlobalSection(SolutionConfigurationPlatforms) = preSolution
		Debug|Any CPU = Debug|Any CPU
		Release|Any CPU = Release|Any CPU
	EndGlobalSection
	GlobalSection(ProjectConfigurationPlatforms) = postSolution
		{F18A77AB-4F25-468E-A659-875291643A74}.Debug|Any CPU.ActiveCfg = Debug|Any CPU
		{F18A77AB-4F25-468E-A659-875291643A74}.Debug|Any CPU.Build.0 = Debug|Any CPU
		{F18A77AB-4F25-468E-A659-875291643A74}.Release|Any CPU.ActiveCfg = Release|Any CPU
		{F18A77AB-4F25-468E-A659-875291643A74}.Release|Any CPU.Build.0 = Release|Any CPU
	EndGlobalSection
	GlobalSection(SolutionProperties) = preSolution
		HideSolutionNode = FALSE
	EndGlobalSection
	GlobalSection(ExtensibilityGlobals) = postSolution
		SolutionGuid = {6BF34F10-DA89-450E-98E3-9B7668223FB4}
	EndGlobalSection
EndGlobal
