
Microsoft Visual Studio Solution File, Format Version 12.00
# Visual Studio 15
VisualStudioVersion = 15.0.26730.16
MinimumVisualStudioVersion = 10.0.40219.1
Project("{FAE04EC0-301F-11D3-BF4B-00C04F79EFBC}") = "180313_actividad", "180313_actividad\180313_actividad.csproj", "{53E8DED7-5DE8-41FC-80D7-65D576FFF361}"
EndProject
Global
	GlobalSection(SolutionConfigurationPlatforms) = preSolution
		Debug|Any CPU = Debug|Any CPU
		Release|Any CPU = Release|Any CPU
	EndGlobalSection
	GlobalSection(ProjectConfigurationPlatforms) = postSolution
		{53E8DED7-5DE8-41FC-80D7-65D576FFF361}.Debug|Any CPU.ActiveCfg = Debug|Any CPU
		{53E8DED7-5DE8-41FC-80D7-65D576FFF361}.Debug|Any CPU.Build.0 = Debug|Any CPU
		{53E8DED7-5DE8-41FC-80D7-65D576FFF361}.Release|Any CPU.ActiveCfg = Release|Any CPU
		{53E8DED7-5DE8-41FC-80D7-65D576FFF361}.Release|Any CPU.Build.0 = Release|Any CPU
	EndGlobalSection
	GlobalSection(SolutionProperties) = preSolution
		HideSolutionNode = FALSE
	EndGlobalSection
	GlobalSection(ExtensibilityGlobals) = postSolution
		SolutionGuid = {B81C9971-0168-4674-A733-538D5066AB92}
	EndGlobalSection
EndGlobal
