
Microsoft Visual Studio Solution File, Format Version 12.00
# Visual Studio 15
VisualStudioVersion = 15.0.26730.16
MinimumVisualStudioVersion = 10.0.40219.1
Project("{FAE04EC0-301F-11D3-BF4B-00C04F79EFBC}") = "20180425_Examen02_024520", "20180425_Examen02_024520\20180425_Examen02_024520.csproj", "{81C16C52-CF4B-4D92-97B9-2E5B16AA599A}"
EndProject
Global
	GlobalSection(SolutionConfigurationPlatforms) = preSolution
		Debug|Any CPU = Debug|Any CPU
		Release|Any CPU = Release|Any CPU
	EndGlobalSection
	GlobalSection(ProjectConfigurationPlatforms) = postSolution
		{81C16C52-CF4B-4D92-97B9-2E5B16AA599A}.Debug|Any CPU.ActiveCfg = Debug|Any CPU
		{81C16C52-CF4B-4D92-97B9-2E5B16AA599A}.Debug|Any CPU.Build.0 = Debug|Any CPU
		{81C16C52-CF4B-4D92-97B9-2E5B16AA599A}.Release|Any CPU.ActiveCfg = Release|Any CPU
		{81C16C52-CF4B-4D92-97B9-2E5B16AA599A}.Release|Any CPU.Build.0 = Release|Any CPU
	EndGlobalSection
	GlobalSection(SolutionProperties) = preSolution
		HideSolutionNode = FALSE
	EndGlobalSection
	GlobalSection(ExtensibilityGlobals) = postSolution
		SolutionGuid = {259139DA-4044-422C-95DD-C48ADC08A15A}
	EndGlobalSection
EndGlobal
